
Microsoft Visual Studio Solution File, Format Version 12.00
# Visual Studio Version 17
VisualStudioVersion = 17.14.36616.10
MinimumVisualStudioVersion = 10.0.40219.1
Project("{8BC9CEB8-8B4A-11D0-8D11-00A0C91BC942}") = "OS14_HTCOM", "OS14_HTCOM\OS14_HTCOM.vcxproj", "{3713A0D0-0DA9-4AAF-BBD8-E06795EBE549}"
EndProject
Project("{8BC9CEB8-8B4A-11D0-8D11-00A0C91BC942}") = "OS14_LIB", "OS14_LIB\OS14_LIB.vcxproj", "{66B52A91-1C28-4BFE-9A44-BB56F649A752}"
EndProject
Project("{8BC9CEB8-8B4A-11D0-8D11-00A0C91BC942}") = "OS14_CREATE", "OS14_CREATE\OS14_CREATE.vcxproj", "{EA58F340-C496-4696-B77A-5A994520C610}"
EndProject
Project("{8BC9CEB8-8B4A-11D0-8D11-00A0C91BC942}") = "OS14_START", "OS14_START\OS14_START.vcxproj", "{8A99915D-0B04-4C1A-A51B-6FBBE27CFCA9}"
EndProject
Project("{8BC9CEB8-8B4A-11D0-8D11-00A0C91BC942}") = "OS14_STOP", "OS14_STOP\OS14_STOP.vcxproj", "{D0CB9CB1-44D9-4421-9542-69362153B264}"
EndProject
Project("{8BC9CEB8-8B4A-11D0-8D11-00A0C91BC942}") = "OS_0502", "OS_0502\OS_0502.vcxproj", "{A0E69237-69D8-4DE2-AC2E-C3425265F850}"
EndProject
Project("{8BC9CEB8-8B4A-11D0-8D11-00A0C91BC942}") = "OS_0503", "OS_0503\OS_0503.vcxproj", "{CAE72798-32DE-439A-BCCF-9853C0A2AFA5}"
EndProject
Project("{8BC9CEB8-8B4A-11D0-8D11-00A0C91BC942}") = "OS_0504", "OS_0504\OS_0504.vcxproj", "{693C7463-E575-4637-A9FD-C7694EE60058}"
EndProject
Global
	GlobalSection(SolutionConfigurationPlatforms) = preSolution
		Debug|x64 = Debug|x64
		Debug|x86 = Debug|x86
		Release|x64 = Release|x64
		Release|x86 = Release|x86
	EndGlobalSection
	GlobalSection(ProjectConfigurationPlatforms) = postSolution
		{3713A0D0-0DA9-4AAF-BBD8-E06795EBE549}.Debug|x64.ActiveCfg = Debug|x64
		{3713A0D0-0DA9-4AAF-BBD8-E06795EBE549}.Debug|x64.Build.0 = Debug|x64
		{3713A0D0-0DA9-4AAF-BBD8-E06795EBE549}.Debug|x86.ActiveCfg = Debug|Win32
		{3713A0D0-0DA9-4AAF-BBD8-E06795EBE549}.Debug|x86.Build.0 = Debug|Win32
		{3713A0D0-0DA9-4AAF-BBD8-E06795EBE549}.Release|x64.ActiveCfg = Release|x64
		{3713A0D0-0DA9-4AAF-BBD8-E06795EBE549}.Release|x64.Build.0 = Release|x64
		{3713A0D0-0DA9-4AAF-BBD8-E06795EBE549}.Release|x86.ActiveCfg = Release|Win32
		{3713A0D0-0DA9-4AAF-BBD8-E06795EBE549}.Release|x86.Build.0 = Release|Win32
		{66B52A91-1C28-4BFE-9A44-BB56F649A752}.Debug|x64.ActiveCfg = Debug|x64
		{66B52A91-1C28-4BFE-9A44-BB56F649A752}.Debug|x64.Build.0 = Debug|x64
		{66B52A91-1C28-4BFE-9A44-BB56F649A752}.Debug|x86.ActiveCfg = Debug|Win32
		{66B52A91-1C28-4BFE-9A44-BB56F649A752}.Debug|x86.Build.0 = Debug|Win32
		{66B52A91-1C28-4BFE-9A44-BB56F649A752}.Release|x64.ActiveCfg = Release|x64
		{66B52A91-1C28-4BFE-9A44-BB56F649A752}.Release|x64.Build.0 = Release|x64
		{66B52A91-1C28-4BFE-9A44-BB56F649A752}.Release|x86.ActiveCfg = Release|Win32
		{66B52A91-1C28-4BFE-9A44-BB56F649A752}.Release|x86.Build.0 = Release|Win32
		{EA58F340-C496-4696-B77A-5A994520C610}.Debug|x64.ActiveCfg = Debug|x64
		{EA58F340-C496-4696-B77A-5A994520C610}.Debug|x64.Build.0 = Debug|x64
		{EA58F340-C496-4696-B77A-5A994520C610}.Debug|x86.ActiveCfg = Debug|Win32
		{EA58F340-C496-4696-B77A-5A994520C610}.Debug|x86.Build.0 = Debug|Win32
		{EA58F340-C496-4696-B77A-5A994520C610}.Release|x64.ActiveCfg = Release|x64
		{EA58F340-C496-4696-B77A-5A994520C610}.Release|x64.Build.0 = Release|x64
		{EA58F340-C496-4696-B77A-5A994520C610}.Release|x86.ActiveCfg = Release|Win32
		{EA58F340-C496-4696-B77A-5A994520C610}.Release|x86.Build.0 = Release|Win32
		{8A99915D-0B04-4C1A-A51B-6FBBE27CFCA9}.Debug|x64.ActiveCfg = Debug|x64
		{8A99915D-0B04-4C1A-A51B-6FBBE27CFCA9}.Debug|x64.Build.0 = Debug|x64
		{8A99915D-0B04-4C1A-A51B-6FBBE27CFCA9}.Debug|x86.ActiveCfg = Debug|Win32
		{8A99915D-0B04-4C1A-A51B-6FBBE27CFCA9}.Debug|x86.Build.0 = Debug|Win32
		{8A99915D-0B04-4C1A-A51B-6FBBE27CFCA9}.Release|x64.ActiveCfg = Release|x64
		{8A99915D-0B04-4C1A-A51B-6FBBE27CFCA9}.Release|x64.Build.0 = Release|x64
		{8A99915D-0B04-4C1A-A51B-6FBBE27CFCA9}.Release|x86.ActiveCfg = Release|Win32
		{8A99915D-0B04-4C1A-A51B-6FBBE27CFCA9}.Release|x86.Build.0 = Release|Win32
		{D0CB9CB1-44D9-4421-9542-69362153B264}.Debug|x64.ActiveCfg = Debug|x64
		{D0CB9CB1-44D9-4421-9542-69362153B264}.Debug|x64.Build.0 = Debug|x64
		{D0CB9CB1-44D9-4421-9542-69362153B264}.Debug|x86.ActiveCfg = Debug|Win32
		{D0CB9CB1-44D9-4421-9542-69362153B264}.Debug|x86.Build.0 = Debug|Win32
		{D0CB9CB1-44D9-4421-9542-69362153B264}.Release|x64.ActiveCfg = Release|x64
		{D0CB9CB1-44D9-4421-9542-69362153B264}.Release|x64.Build.0 = Release|x64
		{D0CB9CB1-44D9-4421-9542-69362153B264}.Release|x86.ActiveCfg = Release|Win32
		{D0CB9CB1-44D9-4421-9542-69362153B264}.Release|x86.Build.0 = Release|Win32
		{A0E69237-69D8-4DE2-AC2E-C3425265F850}.Debug|x64.ActiveCfg = Debug|x64
		{A0E69237-69D8-4DE2-AC2E-C3425265F850}.Debug|x64.Build.0 = Debug|x64
		{A0E69237-69D8-4DE2-AC2E-C3425265F850}.Debug|x86.ActiveCfg = Debug|Win32
		{A0E69237-69D8-4DE2-AC2E-C3425265F850}.Debug|x86.Build.0 = Debug|Win32
		{A0E69237-69D8-4DE2-AC2E-C3425265F850}.Release|x64.ActiveCfg = Release|x64
		{A0E69237-69D8-4DE2-AC2E-C3425265F850}.Release|x64.Build.0 = Release|x64
		{A0E69237-69D8-4DE2-AC2E-C3425265F850}.Release|x86.ActiveCfg = Release|Win32
		{A0E69237-69D8-4DE2-AC2E-C3425265F850}.Release|x86.Build.0 = Release|Win32
		{CAE72798-32DE-439A-BCCF-9853C0A2AFA5}.Debug|x64.ActiveCfg = Debug|x64
		{CAE72798-32DE-439A-BCCF-9853C0A2AFA5}.Debug|x64.Build.0 = Debug|x64
		{CAE72798-32DE-439A-BCCF-9853C0A2AFA5}.Debug|x86.ActiveCfg = Debug|Win32
		{CAE72798-32DE-439A-BCCF-9853C0A2AFA5}.Debug|x86.Build.0 = Debug|Win32
		{CAE72798-32DE-439A-BCCF-9853C0A2AFA5}.Release|x64.ActiveCfg = Release|x64
		{CAE72798-32DE-439A-BCCF-9853C0A2AFA5}.Release|x64.Build.0 = Release|x64
		{CAE72798-32DE-439A-BCCF-9853C0A2AFA5}.Release|x86.ActiveCfg = Release|Win32
		{CAE72798-32DE-439A-BCCF-9853C0A2AFA5}.Release|x86.Build.0 = Release|Win32
		{693C7463-E575-4637-A9FD-C7694EE60058}.Debug|x64.ActiveCfg = Debug|x64
		{693C7463-E575-4637-A9FD-C7694EE60058}.Debug|x64.Build.0 = Debug|x64
		{693C7463-E575-4637-A9FD-C7694EE60058}.Debug|x86.ActiveCfg = Debug|Win32
		{693C7463-E575-4637-A9FD-C7694EE60058}.Debug|x86.Build.0 = Debug|Win32
		{693C7463-E575-4637-A9FD-C7694EE60058}.Release|x64.ActiveCfg = Release|x64
		{693C7463-E575-4637-A9FD-C7694EE60058}.Release|x64.Build.0 = Release|x64
		{693C7463-E575-4637-A9FD-C7694EE60058}.Release|x86.ActiveCfg = Release|Win32
		{693C7463-E575-4637-A9FD-C7694EE60058}.Release|x86.Build.0 = Release|Win32
	EndGlobalSection
	GlobalSection(SolutionProperties) = preSolution
		HideSolutionNode = FALSE
	EndGlobalSection
	GlobalSection(ExtensibilityGlobals) = postSolution
		SolutionGuid = {FB799402-1530-4C5E-BF6C-670866D96FA2}
	EndGlobalSection
EndGlobal
