
Microsoft Visual Studio Solution File, Format Version 12.00
# Visual Studio Version 17
VisualStudioVersion = 17.14.36616.10
MinimumVisualStudioVersion = 10.0.40219.1
Project("{8BC9CEB8-8B4A-11D0-8D11-00A0C91BC942}") = "Lab-03x", "Lab-03x\Lab-03x.vcxproj", "{E0F5BE7E-92B1-4F9A-97AF-7E52DC01DC00}"
EndProject
Project("{8BC9CEB8-8B4A-11D0-8D11-00A0C91BC942}") = "Lab-03a", "Lab-03a\Lab-03a.vcxproj", "{B687C35B-08E6-454F-9EAE-10A5D432C1BB}"
EndProject
Project("{8BC9CEB8-8B4A-11D0-8D11-00A0C91BC942}") = "Lab-03b", "Lab-03b\Lab-03b.vcxproj", "{E23C5944-D12E-4FA5-9B63-10548D1E9140}"
EndProject
Project("{8BC9CEB8-8B4A-11D0-8D11-00A0C91BC942}") = "Lab-03c", "Lab-03c\Lab-03c.vcxproj", "{C3820128-247B-4BCD-A16C-BB4B2990702F}"
EndProject
Project("{8BC9CEB8-8B4A-11D0-8D11-00A0C91BC942}") = "Lab-03xWinAPI", "Lab-03xWinAPI\Lab-03xWinAPI.vcxproj", "{9264AAE4-D04D-43F8-9AF2-0B84788A723C}"
EndProject
Project("{8BC9CEB8-8B4A-11D0-8D11-00A0C91BC942}") = "Lab-03aWinAPI", "Lab-03aWinAPI\Lab-03aWinAPI.vcxproj", "{7E83824D-50C4-49E9-AD99-5ED3B5110C22}"
EndProject
Project("{8BC9CEB8-8B4A-11D0-8D11-00A0C91BC942}") = "Lab-03bWinAPI", "Lab-03bWinAPI\Lab-03bWinAPI.vcxproj", "{DA936F67-91F8-46BC-8A6C-1D4FF0582521}"
EndProject
Project("{8BC9CEB8-8B4A-11D0-8D11-00A0C91BC942}") = "Lab-03cWinAPI", "Lab-03cWinAPI\Lab-03cWinAPI.vcxproj", "{C0F0CCC2-C429-4D15-B867-38135056145C}"
EndProject
Global
	GlobalSection(SolutionConfigurationPlatforms) = preSolution
		Debug|x64 = Debug|x64
		Debug|x86 = Debug|x86
		Release|x64 = Release|x64
		Release|x86 = Release|x86
	EndGlobalSection
	GlobalSection(ProjectConfigurationPlatforms) = postSolution
		{E0F5BE7E-92B1-4F9A-97AF-7E52DC01DC00}.Debug|x64.ActiveCfg = Debug|x64
		{E0F5BE7E-92B1-4F9A-97AF-7E52DC01DC00}.Debug|x64.Build.0 = Debug|x64
		{E0F5BE7E-92B1-4F9A-97AF-7E52DC01DC00}.Debug|x86.ActiveCfg = Debug|Win32
		{E0F5BE7E-92B1-4F9A-97AF-7E52DC01DC00}.Debug|x86.Build.0 = Debug|Win32
		{E0F5BE7E-92B1-4F9A-97AF-7E52DC01DC00}.Release|x64.ActiveCfg = Release|x64
		{E0F5BE7E-92B1-4F9A-97AF-7E52DC01DC00}.Release|x64.Build.0 = Release|x64
		{E0F5BE7E-92B1-4F9A-97AF-7E52DC01DC00}.Release|x86.ActiveCfg = Release|Win32
		{E0F5BE7E-92B1-4F9A-97AF-7E52DC01DC00}.Release|x86.Build.0 = Release|Win32
		{B687C35B-08E6-454F-9EAE-10A5D432C1BB}.Debug|x64.ActiveCfg = Debug|x64
		{B687C35B-08E6-454F-9EAE-10A5D432C1BB}.Debug|x64.Build.0 = Debug|x64
		{B687C35B-08E6-454F-9EAE-10A5D432C1BB}.Debug|x86.ActiveCfg = Debug|Win32
		{B687C35B-08E6-454F-9EAE-10A5D432C1BB}.Debug|x86.Build.0 = Debug|Win32
		{B687C35B-08E6-454F-9EAE-10A5D432C1BB}.Release|x64.ActiveCfg = Release|x64
		{B687C35B-08E6-454F-9EAE-10A5D432C1BB}.Release|x64.Build.0 = Release|x64
		{B687C35B-08E6-454F-9EAE-10A5D432C1BB}.Release|x86.ActiveCfg = Release|Win32
		{B687C35B-08E6-454F-9EAE-10A5D432C1BB}.Release|x86.Build.0 = Release|Win32
		{E23C5944-D12E-4FA5-9B63-10548D1E9140}.Debug|x64.ActiveCfg = Debug|x64
		{E23C5944-D12E-4FA5-9B63-10548D1E9140}.Debug|x64.Build.0 = Debug|x64
		{E23C5944-D12E-4FA5-9B63-10548D1E9140}.Debug|x86.ActiveCfg = Debug|Win32
		{E23C5944-D12E-4FA5-9B63-10548D1E9140}.Debug|x86.Build.0 = Debug|Win32
		{E23C5944-D12E-4FA5-9B63-10548D1E9140}.Release|x64.ActiveCfg = Release|x64
		{E23C5944-D12E-4FA5-9B63-10548D1E9140}.Release|x64.Build.0 = Release|x64
		{E23C5944-D12E-4FA5-9B63-10548D1E9140}.Release|x86.ActiveCfg = Release|Win32
		{E23C5944-D12E-4FA5-9B63-10548D1E9140}.Release|x86.Build.0 = Release|Win32
		{C3820128-247B-4BCD-A16C-BB4B2990702F}.Debug|x64.ActiveCfg = Debug|x64
		{C3820128-247B-4BCD-A16C-BB4B2990702F}.Debug|x64.Build.0 = Debug|x64
		{C3820128-247B-4BCD-A16C-BB4B2990702F}.Debug|x86.ActiveCfg = Debug|Win32
		{C3820128-247B-4BCD-A16C-BB4B2990702F}.Debug|x86.Build.0 = Debug|Win32
		{C3820128-247B-4BCD-A16C-BB4B2990702F}.Release|x64.ActiveCfg = Release|x64
		{C3820128-247B-4BCD-A16C-BB4B2990702F}.Release|x64.Build.0 = Release|x64
		{C3820128-247B-4BCD-A16C-BB4B2990702F}.Release|x86.ActiveCfg = Release|Win32
		{C3820128-247B-4BCD-A16C-BB4B2990702F}.Release|x86.Build.0 = Release|Win32
		{9264AAE4-D04D-43F8-9AF2-0B84788A723C}.Debug|x64.ActiveCfg = Debug|x64
		{9264AAE4-D04D-43F8-9AF2-0B84788A723C}.Debug|x64.Build.0 = Debug|x64
		{9264AAE4-D04D-43F8-9AF2-0B84788A723C}.Debug|x86.ActiveCfg = Debug|Win32
		{9264AAE4-D04D-43F8-9AF2-0B84788A723C}.Debug|x86.Build.0 = Debug|Win32
		{9264AAE4-D04D-43F8-9AF2-0B84788A723C}.Release|x64.ActiveCfg = Release|x64
		{9264AAE4-D04D-43F8-9AF2-0B84788A723C}.Release|x64.Build.0 = Release|x64
		{9264AAE4-D04D-43F8-9AF2-0B84788A723C}.Release|x86.ActiveCfg = Release|Win32
		{9264AAE4-D04D-43F8-9AF2-0B84788A723C}.Release|x86.Build.0 = Release|Win32
		{7E83824D-50C4-49E9-AD99-5ED3B5110C22}.Debug|x64.ActiveCfg = Debug|x64
		{7E83824D-50C4-49E9-AD99-5ED3B5110C22}.Debug|x64.Build.0 = Debug|x64
		{7E83824D-50C4-49E9-AD99-5ED3B5110C22}.Debug|x86.ActiveCfg = Debug|Win32
		{7E83824D-50C4-49E9-AD99-5ED3B5110C22}.Debug|x86.Build.0 = Debug|Win32
		{7E83824D-50C4-49E9-AD99-5ED3B5110C22}.Release|x64.ActiveCfg = Release|x64
		{7E83824D-50C4-49E9-AD99-5ED3B5110C22}.Release|x64.Build.0 = Release|x64
		{7E83824D-50C4-49E9-AD99-5ED3B5110C22}.Release|x86.ActiveCfg = Release|Win32
		{7E83824D-50C4-49E9-AD99-5ED3B5110C22}.Release|x86.Build.0 = Release|Win32
		{DA936F67-91F8-46BC-8A6C-1D4FF0582521}.Debug|x64.ActiveCfg = Debug|x64
		{DA936F67-91F8-46BC-8A6C-1D4FF0582521}.Debug|x64.Build.0 = Debug|x64
		{DA936F67-91F8-46BC-8A6C-1D4FF0582521}.Debug|x86.ActiveCfg = Debug|Win32
		{DA936F67-91F8-46BC-8A6C-1D4FF0582521}.Debug|x86.Build.0 = Debug|Win32
		{DA936F67-91F8-46BC-8A6C-1D4FF0582521}.Release|x64.ActiveCfg = Release|x64
		{DA936F67-91F8-46BC-8A6C-1D4FF0582521}.Release|x64.Build.0 = Release|x64
		{DA936F67-91F8-46BC-8A6C-1D4FF0582521}.Release|x86.ActiveCfg = Release|Win32
		{DA936F67-91F8-46BC-8A6C-1D4FF0582521}.Release|x86.Build.0 = Release|Win32
		{C0F0CCC2-C429-4D15-B867-38135056145C}.Debug|x64.ActiveCfg = Debug|x64
		{C0F0CCC2-C429-4D15-B867-38135056145C}.Debug|x64.Build.0 = Debug|x64
		{C0F0CCC2-C429-4D15-B867-38135056145C}.Debug|x86.ActiveCfg = Debug|Win32
		{C0F0CCC2-C429-4D15-B867-38135056145C}.Debug|x86.Build.0 = Debug|Win32
		{C0F0CCC2-C429-4D15-B867-38135056145C}.Release|x64.ActiveCfg = Release|x64
		{C0F0CCC2-C429-4D15-B867-38135056145C}.Release|x64.Build.0 = Release|x64
		{C0F0CCC2-C429-4D15-B867-38135056145C}.Release|x86.ActiveCfg = Release|Win32
		{C0F0CCC2-C429-4D15-B867-38135056145C}.Release|x86.Build.0 = Release|Win32
	EndGlobalSection
	GlobalSection(SolutionProperties) = preSolution
		HideSolutionNode = FALSE
	EndGlobalSection
	GlobalSection(ExtensibilityGlobals) = postSolution
		SolutionGuid = {8AAFB3A5-1990-402A-AE31-7750BE810634}
	EndGlobalSection
EndGlobal
