
Microsoft Visual Studio Solution File, Format Version 12.00
# Visual Studio Version 17
VisualStudioVersion = 17.14.36616.10 d17.14
MinimumVisualStudioVersion = 10.0.40219.1
Project("{8BC9CEB8-8B4A-11D0-8D11-00A0C91BC942}") = "Lab-03x", "Lab-03x\Lab-03x.vcxproj", "{E0F5BE7E-92B1-4F9A-97AF-7E52DC01DC00}"
EndProject
Project("{8BC9CEB8-8B4A-11D0-8D11-00A0C91BC942}") = "Lab-03a", "Lab-03a\Lab-03a.vcxproj", "{B687C35B-08E6-454F-9EAE-10A5D432C1BB}"
EndProject
Global
	GlobalSection(SolutionConfigurationPlatforms) = preSolution
		Debug|x64 = Debug|x64
		Debug|x86 = Debug|x86
		Release|x64 = Release|x64
		Release|x86 = Release|x86
	EndGlobalSection
	GlobalSection(ProjectConfigurationPlatforms) = postSolution
		{E0F5BE7E-92B1-4F9A-97AF-7E52DC01DC00}.Debug|x64.ActiveCfg = Debug|x64
		{E0F5BE7E-92B1-4F9A-97AF-7E52DC01DC00}.Debug|x64.Build.0 = Debug|x64
		{E0F5BE7E-92B1-4F9A-97AF-7E52DC01DC00}.Debug|x86.ActiveCfg = Debug|Win32
		{E0F5BE7E-92B1-4F9A-97AF-7E52DC01DC00}.Debug|x86.Build.0 = Debug|Win32
		{E0F5BE7E-92B1-4F9A-97AF-7E52DC01DC00}.Release|x64.ActiveCfg = Release|x64
		{E0F5BE7E-92B1-4F9A-97AF-7E52DC01DC00}.Release|x64.Build.0 = Release|x64
		{E0F5BE7E-92B1-4F9A-97AF-7E52DC01DC00}.Release|x86.ActiveCfg = Release|Win32
		{E0F5BE7E-92B1-4F9A-97AF-7E52DC01DC00}.Release|x86.Build.0 = Release|Win32
		{B687C35B-08E6-454F-9EAE-10A5D432C1BB}.Debug|x64.ActiveCfg = Debug|x64
		{B687C35B-08E6-454F-9EAE-10A5D432C1BB}.Debug|x64.Build.0 = Debug|x64
		{B687C35B-08E6-454F-9EAE-10A5D432C1BB}.Debug|x86.ActiveCfg = Debug|Win32
		{B687C35B-08E6-454F-9EAE-10A5D432C1BB}.Debug|x86.Build.0 = Debug|Win32
		{B687C35B-08E6-454F-9EAE-10A5D432C1BB}.Release|x64.ActiveCfg = Release|x64
		{B687C35B-08E6-454F-9EAE-10A5D432C1BB}.Release|x64.Build.0 = Release|x64
		{B687C35B-08E6-454F-9EAE-10A5D432C1BB}.Release|x86.ActiveCfg = Release|Win32
		{B687C35B-08E6-454F-9EAE-10A5D432C1BB}.Release|x86.Build.0 = Release|Win32
	EndGlobalSection
	GlobalSection(SolutionProperties) = preSolution
		HideSolutionNode = FALSE
	EndGlobalSection
	GlobalSection(ExtensibilityGlobals) = postSolution
		SolutionGuid = {8AAFB3A5-1990-402A-AE31-7750BE810634}
	EndGlobalSection
EndGlobal
