
Microsoft Visual Studio Solution File, Format Version 12.00
# Visual Studio Version 17
VisualStudioVersion = 17.14.36616.10 d17.14
MinimumVisualStudioVersion = 10.0.40219.1
Project("{8BC9CEB8-8B4A-11D0-8D11-00A0C91BC942}") = "Lab-08a", "Lab-08a\Lab-08a.vcxproj", "{52A0115E-7977-41E8-829D-2D3C9E802CF8}"
EndProject
Project("{8BC9CEB8-8B4A-11D0-8D11-00A0C91BC942}") = "Lab-08b", "Lab-08b\Lab-08b.vcxproj", "{F7F65C88-25E7-42F0-8797-CDEBEAA03EB5}"
EndProject
Project("{8BC9CEB8-8B4A-11D0-8D11-00A0C91BC942}") = "Lab-08c", "Lab-08c\Lab-08c.vcxproj", "{BA1EBCBE-9160-41A6-9F9D-DCE1198A27F3}"
EndProject
Global
	GlobalSection(SolutionConfigurationPlatforms) = preSolution
		Debug|x64 = Debug|x64
		Debug|x86 = Debug|x86
		Release|x64 = Release|x64
		Release|x86 = Release|x86
	EndGlobalSection
	GlobalSection(ProjectConfigurationPlatforms) = postSolution
		{52A0115E-7977-41E8-829D-2D3C9E802CF8}.Debug|x64.ActiveCfg = Debug|x64
		{52A0115E-7977-41E8-829D-2D3C9E802CF8}.Debug|x64.Build.0 = Debug|x64
		{52A0115E-7977-41E8-829D-2D3C9E802CF8}.Debug|x86.ActiveCfg = Debug|Win32
		{52A0115E-7977-41E8-829D-2D3C9E802CF8}.Debug|x86.Build.0 = Debug|Win32
		{52A0115E-7977-41E8-829D-2D3C9E802CF8}.Release|x64.ActiveCfg = Release|x64
		{52A0115E-7977-41E8-829D-2D3C9E802CF8}.Release|x64.Build.0 = Release|x64
		{52A0115E-7977-41E8-829D-2D3C9E802CF8}.Release|x86.ActiveCfg = Release|Win32
		{52A0115E-7977-41E8-829D-2D3C9E802CF8}.Release|x86.Build.0 = Release|Win32
		{F7F65C88-25E7-42F0-8797-CDEBEAA03EB5}.Debug|x64.ActiveCfg = Debug|x64
		{F7F65C88-25E7-42F0-8797-CDEBEAA03EB5}.Debug|x64.Build.0 = Debug|x64
		{F7F65C88-25E7-42F0-8797-CDEBEAA03EB5}.Debug|x86.ActiveCfg = Debug|Win32
		{F7F65C88-25E7-42F0-8797-CDEBEAA03EB5}.Debug|x86.Build.0 = Debug|Win32
		{F7F65C88-25E7-42F0-8797-CDEBEAA03EB5}.Release|x64.ActiveCfg = Release|x64
		{F7F65C88-25E7-42F0-8797-CDEBEAA03EB5}.Release|x64.Build.0 = Release|x64
		{F7F65C88-25E7-42F0-8797-CDEBEAA03EB5}.Release|x86.ActiveCfg = Release|Win32
		{F7F65C88-25E7-42F0-8797-CDEBEAA03EB5}.Release|x86.Build.0 = Release|Win32
		{BA1EBCBE-9160-41A6-9F9D-DCE1198A27F3}.Debug|x64.ActiveCfg = Debug|x64
		{BA1EBCBE-9160-41A6-9F9D-DCE1198A27F3}.Debug|x64.Build.0 = Debug|x64
		{BA1EBCBE-9160-41A6-9F9D-DCE1198A27F3}.Debug|x86.ActiveCfg = Debug|Win32
		{BA1EBCBE-9160-41A6-9F9D-DCE1198A27F3}.Debug|x86.Build.0 = Debug|Win32
		{BA1EBCBE-9160-41A6-9F9D-DCE1198A27F3}.Release|x64.ActiveCfg = Release|x64
		{BA1EBCBE-9160-41A6-9F9D-DCE1198A27F3}.Release|x64.Build.0 = Release|x64
		{BA1EBCBE-9160-41A6-9F9D-DCE1198A27F3}.Release|x86.ActiveCfg = Release|Win32
		{BA1EBCBE-9160-41A6-9F9D-DCE1198A27F3}.Release|x86.Build.0 = Release|Win32
	EndGlobalSection
	GlobalSection(SolutionProperties) = preSolution
		HideSolutionNode = FALSE
	EndGlobalSection
	GlobalSection(ExtensibilityGlobals) = postSolution
		SolutionGuid = {3F02FECD-A037-40DD-A8CB-B365F020B9D3}
	EndGlobalSection
EndGlobal
