
Microsoft Visual Studio Solution File, Format Version 12.00
# Visual Studio Version 17
VisualStudioVersion = 17.14.36212.18 d17.14
MinimumVisualStudioVersion = 10.0.40219.1
Project("{FAE04EC0-301F-11D3-BF4B-00C04F79EFBC}") = "ASPA_0010_1", "ASPA_0010_1\ASPA_0010_1.csproj", "{1DA20458-61DE-4021-BB8E-26293AF533A8}"
EndProject
Global
	GlobalSection(SolutionConfigurationPlatforms) = preSolution
		Debug|Any CPU = Debug|Any CPU
		Release|Any CPU = Release|Any CPU
	EndGlobalSection
	GlobalSection(ProjectConfigurationPlatforms) = postSolution
		{1DA20458-61DE-4021-BB8E-26293AF533A8}.Debug|Any CPU.ActiveCfg = Debug|Any CPU
		{1DA20458-61DE-4021-BB8E-26293AF533A8}.Debug|Any CPU.Build.0 = Debug|Any CPU
		{1DA20458-61DE-4021-BB8E-26293AF533A8}.Release|Any CPU.ActiveCfg = Release|Any CPU
		{1DA20458-61DE-4021-BB8E-26293AF533A8}.Release|Any CPU.Build.0 = Release|Any CPU
	EndGlobalSection
	GlobalSection(SolutionProperties) = preSolution
		HideSolutionNode = FALSE
	EndGlobalSection
	GlobalSection(ExtensibilityGlobals) = postSolution
		SolutionGuid = {E1DBC83C-B0A6-45B5-B325-CABA74C0F933}
	EndGlobalSection
EndGlobal
