
Microsoft Visual Studio Solution File, Format Version 12.00
# Visual Studio Version 17
VisualStudioVersion = 17.14.36616.10
MinimumVisualStudioVersion = 10.0.40219.1
Project("{8BC9CEB8-8B4A-11D0-8D11-00A0C91BC942}") = "OS15_HTCOM", "OS15_HTCOM\OS15_HTCOM.vcxproj", "{60470C14-6A6A-4889-926C-509FAAAC721B}"
EndProject
Project("{8BC9CEB8-8B4A-11D0-8D11-00A0C91BC942}") = "OS15_LIB", "OS15_LIB\OS15_LIB.vcxproj", "{DA6537C8-7ECA-448C-B255-5CCEE3A9EDE9}"
EndProject
Project("{8BC9CEB8-8B4A-11D0-8D11-00A0C91BC942}") = "OS15_CREATE", "OS15_CREATE\OS15_CREATE.vcxproj", "{161B185E-0B3F-45E2-896F-116A6D69F86E}"
EndProject
Project("{8BC9CEB8-8B4A-11D0-8D11-00A0C91BC942}") = "OS15_SERVICE", "OS15_SERVICE\OS15_SERVICE.vcxproj", "{D861E666-AF07-4E1C-B8C8-5ABA056CD480}"
EndProject
Project("{8BC9CEB8-8B4A-11D0-8D11-00A0C91BC942}") = "OS15_INSTALL", "OS15_INSTALL\OS15_INSTALL.vcxproj", "{E80C0543-E870-4943-8683-1F004817ECAE}"
EndProject
Project("{8BC9CEB8-8B4A-11D0-8D11-00A0C91BC942}") = "OS15_UNINSTALL", "OS15_UNINSTALL\OS15_UNINSTALL.vcxproj", "{D8A089CF-8C1B-450D-B8AA-444CD8A88302}"
EndProject
Project("{8BC9CEB8-8B4A-11D0-8D11-00A0C91BC942}") = "OS_0602", "OS_0602\OS_0602.vcxproj", "{F0001006-541A-40DA-9173-98DF70A92F18}"
EndProject
Project("{8BC9CEB8-8B4A-11D0-8D11-00A0C91BC942}") = "OS_0603", "OS_0603\OS_0603.vcxproj", "{6082B1C4-7976-42F8-8342-68B9844EE94E}"
EndProject
Project("{8BC9CEB8-8B4A-11D0-8D11-00A0C91BC942}") = "OS_0604", "OS_0604\OS_0604.vcxproj", "{559033A6-968D-489F-96D4-4AA9B6C53742}"
EndProject
Global
	GlobalSection(SolutionConfigurationPlatforms) = preSolution
		Debug|x64 = Debug|x64
		Debug|x86 = Debug|x86
		Release|x64 = Release|x64
		Release|x86 = Release|x86
	EndGlobalSection
	GlobalSection(ProjectConfigurationPlatforms) = postSolution
		{60470C14-6A6A-4889-926C-509FAAAC721B}.Debug|x64.ActiveCfg = Debug|x64
		{60470C14-6A6A-4889-926C-509FAAAC721B}.Debug|x64.Build.0 = Debug|x64
		{60470C14-6A6A-4889-926C-509FAAAC721B}.Debug|x86.ActiveCfg = Debug|Win32
		{60470C14-6A6A-4889-926C-509FAAAC721B}.Debug|x86.Build.0 = Debug|Win32
		{60470C14-6A6A-4889-926C-509FAAAC721B}.Release|x64.ActiveCfg = Release|x64
		{60470C14-6A6A-4889-926C-509FAAAC721B}.Release|x64.Build.0 = Release|x64
		{60470C14-6A6A-4889-926C-509FAAAC721B}.Release|x86.ActiveCfg = Release|Win32
		{60470C14-6A6A-4889-926C-509FAAAC721B}.Release|x86.Build.0 = Release|Win32
		{DA6537C8-7ECA-448C-B255-5CCEE3A9EDE9}.Debug|x64.ActiveCfg = Debug|x64
		{DA6537C8-7ECA-448C-B255-5CCEE3A9EDE9}.Debug|x64.Build.0 = Debug|x64
		{DA6537C8-7ECA-448C-B255-5CCEE3A9EDE9}.Debug|x86.ActiveCfg = Debug|Win32
		{DA6537C8-7ECA-448C-B255-5CCEE3A9EDE9}.Debug|x86.Build.0 = Debug|Win32
		{DA6537C8-7ECA-448C-B255-5CCEE3A9EDE9}.Release|x64.ActiveCfg = Release|x64
		{DA6537C8-7ECA-448C-B255-5CCEE3A9EDE9}.Release|x64.Build.0 = Release|x64
		{DA6537C8-7ECA-448C-B255-5CCEE3A9EDE9}.Release|x86.ActiveCfg = Release|Win32
		{DA6537C8-7ECA-448C-B255-5CCEE3A9EDE9}.Release|x86.Build.0 = Release|Win32
		{161B185E-0B3F-45E2-896F-116A6D69F86E}.Debug|x64.ActiveCfg = Debug|x64
		{161B185E-0B3F-45E2-896F-116A6D69F86E}.Debug|x64.Build.0 = Debug|x64
		{161B185E-0B3F-45E2-896F-116A6D69F86E}.Debug|x86.ActiveCfg = Debug|Win32
		{161B185E-0B3F-45E2-896F-116A6D69F86E}.Debug|x86.Build.0 = Debug|Win32
		{161B185E-0B3F-45E2-896F-116A6D69F86E}.Release|x64.ActiveCfg = Release|x64
		{161B185E-0B3F-45E2-896F-116A6D69F86E}.Release|x64.Build.0 = Release|x64
		{161B185E-0B3F-45E2-896F-116A6D69F86E}.Release|x86.ActiveCfg = Release|Win32
		{161B185E-0B3F-45E2-896F-116A6D69F86E}.Release|x86.Build.0 = Release|Win32
		{D861E666-AF07-4E1C-B8C8-5ABA056CD480}.Debug|x64.ActiveCfg = Debug|x64
		{D861E666-AF07-4E1C-B8C8-5ABA056CD480}.Debug|x64.Build.0 = Debug|x64
		{D861E666-AF07-4E1C-B8C8-5ABA056CD480}.Debug|x86.ActiveCfg = Debug|Win32
		{D861E666-AF07-4E1C-B8C8-5ABA056CD480}.Debug|x86.Build.0 = Debug|Win32
		{D861E666-AF07-4E1C-B8C8-5ABA056CD480}.Release|x64.ActiveCfg = Release|x64
		{D861E666-AF07-4E1C-B8C8-5ABA056CD480}.Release|x64.Build.0 = Release|x64
		{D861E666-AF07-4E1C-B8C8-5ABA056CD480}.Release|x86.ActiveCfg = Release|Win32
		{D861E666-AF07-4E1C-B8C8-5ABA056CD480}.Release|x86.Build.0 = Release|Win32
		{E80C0543-E870-4943-8683-1F004817ECAE}.Debug|x64.ActiveCfg = Debug|x64
		{E80C0543-E870-4943-8683-1F004817ECAE}.Debug|x64.Build.0 = Debug|x64
		{E80C0543-E870-4943-8683-1F004817ECAE}.Debug|x86.ActiveCfg = Debug|Win32
		{E80C0543-E870-4943-8683-1F004817ECAE}.Debug|x86.Build.0 = Debug|Win32
		{E80C0543-E870-4943-8683-1F004817ECAE}.Release|x64.ActiveCfg = Release|x64
		{E80C0543-E870-4943-8683-1F004817ECAE}.Release|x64.Build.0 = Release|x64
		{E80C0543-E870-4943-8683-1F004817ECAE}.Release|x86.ActiveCfg = Release|Win32
		{E80C0543-E870-4943-8683-1F004817ECAE}.Release|x86.Build.0 = Release|Win32
		{D8A089CF-8C1B-450D-B8AA-444CD8A88302}.Debug|x64.ActiveCfg = Debug|x64
		{D8A089CF-8C1B-450D-B8AA-444CD8A88302}.Debug|x64.Build.0 = Debug|x64
		{D8A089CF-8C1B-450D-B8AA-444CD8A88302}.Debug|x86.ActiveCfg = Debug|Win32
		{D8A089CF-8C1B-450D-B8AA-444CD8A88302}.Debug|x86.Build.0 = Debug|Win32
		{D8A089CF-8C1B-450D-B8AA-444CD8A88302}.Release|x64.ActiveCfg = Release|x64
		{D8A089CF-8C1B-450D-B8AA-444CD8A88302}.Release|x64.Build.0 = Release|x64
		{D8A089CF-8C1B-450D-B8AA-444CD8A88302}.Release|x86.ActiveCfg = Release|Win32
		{D8A089CF-8C1B-450D-B8AA-444CD8A88302}.Release|x86.Build.0 = Release|Win32
		{F0001006-541A-40DA-9173-98DF70A92F18}.Debug|x64.ActiveCfg = Debug|x64
		{F0001006-541A-40DA-9173-98DF70A92F18}.Debug|x64.Build.0 = Debug|x64
		{F0001006-541A-40DA-9173-98DF70A92F18}.Debug|x86.ActiveCfg = Debug|Win32
		{F0001006-541A-40DA-9173-98DF70A92F18}.Debug|x86.Build.0 = Debug|Win32
		{F0001006-541A-40DA-9173-98DF70A92F18}.Release|x64.ActiveCfg = Release|x64
		{F0001006-541A-40DA-9173-98DF70A92F18}.Release|x64.Build.0 = Release|x64
		{F0001006-541A-40DA-9173-98DF70A92F18}.Release|x86.ActiveCfg = Release|Win32
		{F0001006-541A-40DA-9173-98DF70A92F18}.Release|x86.Build.0 = Release|Win32
		{6082B1C4-7976-42F8-8342-68B9844EE94E}.Debug|x64.ActiveCfg = Debug|x64
		{6082B1C4-7976-42F8-8342-68B9844EE94E}.Debug|x64.Build.0 = Debug|x64
		{6082B1C4-7976-42F8-8342-68B9844EE94E}.Debug|x86.ActiveCfg = Debug|Win32
		{6082B1C4-7976-42F8-8342-68B9844EE94E}.Debug|x86.Build.0 = Debug|Win32
		{6082B1C4-7976-42F8-8342-68B9844EE94E}.Release|x64.ActiveCfg = Release|x64
		{6082B1C4-7976-42F8-8342-68B9844EE94E}.Release|x64.Build.0 = Release|x64
		{6082B1C4-7976-42F8-8342-68B9844EE94E}.Release|x86.ActiveCfg = Release|Win32
		{6082B1C4-7976-42F8-8342-68B9844EE94E}.Release|x86.Build.0 = Release|Win32
		{559033A6-968D-489F-96D4-4AA9B6C53742}.Debug|x64.ActiveCfg = Debug|x64
		{559033A6-968D-489F-96D4-4AA9B6C53742}.Debug|x64.Build.0 = Debug|x64
		{559033A6-968D-489F-96D4-4AA9B6C53742}.Debug|x86.ActiveCfg = Debug|Win32
		{559033A6-968D-489F-96D4-4AA9B6C53742}.Debug|x86.Build.0 = Debug|Win32
		{559033A6-968D-489F-96D4-4AA9B6C53742}.Release|x64.ActiveCfg = Release|x64
		{559033A6-968D-489F-96D4-4AA9B6C53742}.Release|x64.Build.0 = Release|x64
		{559033A6-968D-489F-96D4-4AA9B6C53742}.Release|x86.ActiveCfg = Release|Win32
		{559033A6-968D-489F-96D4-4AA9B6C53742}.Release|x86.Build.0 = Release|Win32
	EndGlobalSection
	GlobalSection(SolutionProperties) = preSolution
		HideSolutionNode = FALSE
	EndGlobalSection
	GlobalSection(ExtensibilityGlobals) = postSolution
		SolutionGuid = {B844702F-6597-45C9-8530-BA7520A9F38F}
	EndGlobalSection
EndGlobal
