
Microsoft Visual Studio Solution File, Format Version 12.00
# Visual Studio Version 17
VisualStudioVersion = 17.14.36616.10
MinimumVisualStudioVersion = 10.0.40219.1
Project("{8BC9CEB8-8B4A-11D0-8D11-00A0C91BC942}") = "OS13_HTCOM", "OS13_HTCOM\OS13_HTCOM.vcxproj", "{9F11EF4F-B4FA-4E30-A537-D6F7D932B521}"
EndProject
Project("{8BC9CEB8-8B4A-11D0-8D11-00A0C91BC942}") = "OS13_LIB", "OS13_LIB\OS13_LIB.vcxproj", "{20CC12C9-EC19-4205-AF41-F0AC19352071}"
EndProject
Project("{8BC9CEB8-8B4A-11D0-8D11-00A0C91BC942}") = "OS13_CREATE", "OS13_CREATE\OS13_CREATE.vcxproj", "{8E8F8197-13D4-4888-8902-E9F5CCE1A026}"
EndProject
Global
	GlobalSection(SolutionConfigurationPlatforms) = preSolution
		Debug|x64 = Debug|x64
		Debug|x86 = Debug|x86
		Release|x64 = Release|x64
		Release|x86 = Release|x86
	EndGlobalSection
	GlobalSection(ProjectConfigurationPlatforms) = postSolution
		{9F11EF4F-B4FA-4E30-A537-D6F7D932B521}.Debug|x64.ActiveCfg = Debug|x64
		{9F11EF4F-B4FA-4E30-A537-D6F7D932B521}.Debug|x64.Build.0 = Debug|x64
		{9F11EF4F-B4FA-4E30-A537-D6F7D932B521}.Debug|x86.ActiveCfg = Debug|Win32
		{9F11EF4F-B4FA-4E30-A537-D6F7D932B521}.Debug|x86.Build.0 = Debug|Win32
		{9F11EF4F-B4FA-4E30-A537-D6F7D932B521}.Release|x64.ActiveCfg = Release|x64
		{9F11EF4F-B4FA-4E30-A537-D6F7D932B521}.Release|x64.Build.0 = Release|x64
		{9F11EF4F-B4FA-4E30-A537-D6F7D932B521}.Release|x86.ActiveCfg = Release|Win32
		{9F11EF4F-B4FA-4E30-A537-D6F7D932B521}.Release|x86.Build.0 = Release|Win32
		{20CC12C9-EC19-4205-AF41-F0AC19352071}.Debug|x64.ActiveCfg = Debug|x64
		{20CC12C9-EC19-4205-AF41-F0AC19352071}.Debug|x64.Build.0 = Debug|x64
		{20CC12C9-EC19-4205-AF41-F0AC19352071}.Debug|x86.ActiveCfg = Debug|Win32
		{20CC12C9-EC19-4205-AF41-F0AC19352071}.Debug|x86.Build.0 = Debug|Win32
		{20CC12C9-EC19-4205-AF41-F0AC19352071}.Release|x64.ActiveCfg = Release|x64
		{20CC12C9-EC19-4205-AF41-F0AC19352071}.Release|x64.Build.0 = Release|x64
		{20CC12C9-EC19-4205-AF41-F0AC19352071}.Release|x86.ActiveCfg = Release|Win32
		{20CC12C9-EC19-4205-AF41-F0AC19352071}.Release|x86.Build.0 = Release|Win32
		{8E8F8197-13D4-4888-8902-E9F5CCE1A026}.Debug|x64.ActiveCfg = Debug|x64
		{8E8F8197-13D4-4888-8902-E9F5CCE1A026}.Debug|x64.Build.0 = Debug|x64
		{8E8F8197-13D4-4888-8902-E9F5CCE1A026}.Debug|x86.ActiveCfg = Debug|Win32
		{8E8F8197-13D4-4888-8902-E9F5CCE1A026}.Debug|x86.Build.0 = Debug|Win32
		{8E8F8197-13D4-4888-8902-E9F5CCE1A026}.Release|x64.ActiveCfg = Release|x64
		{8E8F8197-13D4-4888-8902-E9F5CCE1A026}.Release|x64.Build.0 = Release|x64
		{8E8F8197-13D4-4888-8902-E9F5CCE1A026}.Release|x86.ActiveCfg = Release|Win32
		{8E8F8197-13D4-4888-8902-E9F5CCE1A026}.Release|x86.Build.0 = Release|Win32
	EndGlobalSection
	GlobalSection(SolutionProperties) = preSolution
		HideSolutionNode = FALSE
	EndGlobalSection
	GlobalSection(ExtensibilityGlobals) = postSolution
		SolutionGuid = {5C22FAFA-B930-4230-8E65-CAB0269BE500}
	EndGlobalSection
EndGlobal
