
Microsoft Visual Studio Solution File, Format Version 12.00
# Visual Studio Version 17
VisualStudioVersion = 17.14.36212.18
MinimumVisualStudioVersion = 10.0.40219.1
Project("{8BC9CEB8-8B4A-11D0-8D11-00A0C91BC942}") = "OS10_01", "OS10_01\OS10_01.vcxproj", "{E9265D55-17C3-4CAA-9CA2-FACE0BF0C889}"
EndProject
Project("{8BC9CEB8-8B4A-11D0-8D11-00A0C91BC942}") = "OS10_HTAPI", "OS10_HTAPI\OS10_HTAPI.vcxproj", "{5B4E8A34-252A-43E8-B14A-43FB3B5E914E}"
EndProject
Project("{8BC9CEB8-8B4A-11D0-8D11-00A0C91BC942}") = "OS_10_02", "OS_10_02\OS_10_02.vcxproj", "{B5800D87-098C-42BC-9B92-687430695AAE}"
EndProject
Project("{8BC9CEB8-8B4A-11D0-8D11-00A0C91BC942}") = "OS_10_03", "OS_10_03\OS_10_03.vcxproj", "{1FDF5236-3588-45BC-BBD7-F6CDD1EA8482}"
EndProject
Project("{8BC9CEB8-8B4A-11D0-8D11-00A0C91BC942}") = "OS10_HTAPI_TEST", "OS10_HTAPI_TEST\OS10_HTAPI_TEST.vcxproj", "{2F7FA895-A877-47FB-B32A-DD1243ADA642}"
EndProject
Global
	GlobalSection(SolutionConfigurationPlatforms) = preSolution
		Debug|x64 = Debug|x64
		Debug|x86 = Debug|x86
		Release|x64 = Release|x64
		Release|x86 = Release|x86
	EndGlobalSection
	GlobalSection(ProjectConfigurationPlatforms) = postSolution
		{E9265D55-17C3-4CAA-9CA2-FACE0BF0C889}.Debug|x64.ActiveCfg = Debug|x64
		{E9265D55-17C3-4CAA-9CA2-FACE0BF0C889}.Debug|x64.Build.0 = Debug|x64
		{E9265D55-17C3-4CAA-9CA2-FACE0BF0C889}.Debug|x86.ActiveCfg = Debug|Win32
		{E9265D55-17C3-4CAA-9CA2-FACE0BF0C889}.Debug|x86.Build.0 = Debug|Win32
		{E9265D55-17C3-4CAA-9CA2-FACE0BF0C889}.Release|x64.ActiveCfg = Release|x64
		{E9265D55-17C3-4CAA-9CA2-FACE0BF0C889}.Release|x64.Build.0 = Release|x64
		{E9265D55-17C3-4CAA-9CA2-FACE0BF0C889}.Release|x86.ActiveCfg = Release|Win32
		{E9265D55-17C3-4CAA-9CA2-FACE0BF0C889}.Release|x86.Build.0 = Release|Win32
		{5B4E8A34-252A-43E8-B14A-43FB3B5E914E}.Debug|x64.ActiveCfg = Debug|x64
		{5B4E8A34-252A-43E8-B14A-43FB3B5E914E}.Debug|x64.Build.0 = Debug|x64
		{5B4E8A34-252A-43E8-B14A-43FB3B5E914E}.Debug|x86.ActiveCfg = Debug|Win32
		{5B4E8A34-252A-43E8-B14A-43FB3B5E914E}.Debug|x86.Build.0 = Debug|Win32
		{5B4E8A34-252A-43E8-B14A-43FB3B5E914E}.Release|x64.ActiveCfg = Release|x64
		{5B4E8A34-252A-43E8-B14A-43FB3B5E914E}.Release|x64.Build.0 = Release|x64
		{5B4E8A34-252A-43E8-B14A-43FB3B5E914E}.Release|x86.ActiveCfg = Release|Win32
		{5B4E8A34-252A-43E8-B14A-43FB3B5E914E}.Release|x86.Build.0 = Release|Win32
		{B5800D87-098C-42BC-9B92-687430695AAE}.Debug|x64.ActiveCfg = Debug|x64
		{B5800D87-098C-42BC-9B92-687430695AAE}.Debug|x64.Build.0 = Debug|x64
		{B5800D87-098C-42BC-9B92-687430695AAE}.Debug|x86.ActiveCfg = Debug|Win32
		{B5800D87-098C-42BC-9B92-687430695AAE}.Debug|x86.Build.0 = Debug|Win32
		{B5800D87-098C-42BC-9B92-687430695AAE}.Release|x64.ActiveCfg = Release|x64
		{B5800D87-098C-42BC-9B92-687430695AAE}.Release|x64.Build.0 = Release|x64
		{B5800D87-098C-42BC-9B92-687430695AAE}.Release|x86.ActiveCfg = Release|Win32
		{B5800D87-098C-42BC-9B92-687430695AAE}.Release|x86.Build.0 = Release|Win32
		{1FDF5236-3588-45BC-BBD7-F6CDD1EA8482}.Debug|x64.ActiveCfg = Debug|x64
		{1FDF5236-3588-45BC-BBD7-F6CDD1EA8482}.Debug|x64.Build.0 = Debug|x64
		{1FDF5236-3588-45BC-BBD7-F6CDD1EA8482}.Debug|x86.ActiveCfg = Debug|Win32
		{1FDF5236-3588-45BC-BBD7-F6CDD1EA8482}.Debug|x86.Build.0 = Debug|Win32
		{1FDF5236-3588-45BC-BBD7-F6CDD1EA8482}.Release|x64.ActiveCfg = Release|x64
		{1FDF5236-3588-45BC-BBD7-F6CDD1EA8482}.Release|x64.Build.0 = Release|x64
		{1FDF5236-3588-45BC-BBD7-F6CDD1EA8482}.Release|x86.ActiveCfg = Release|Win32
		{1FDF5236-3588-45BC-BBD7-F6CDD1EA8482}.Release|x86.Build.0 = Release|Win32
		{2F7FA895-A877-47FB-B32A-DD1243ADA642}.Debug|x64.ActiveCfg = Debug|x64
		{2F7FA895-A877-47FB-B32A-DD1243ADA642}.Debug|x64.Build.0 = Debug|x64
		{2F7FA895-A877-47FB-B32A-DD1243ADA642}.Debug|x86.ActiveCfg = Debug|Win32
		{2F7FA895-A877-47FB-B32A-DD1243ADA642}.Debug|x86.Build.0 = Debug|Win32
		{2F7FA895-A877-47FB-B32A-DD1243ADA642}.Release|x64.ActiveCfg = Release|x64
		{2F7FA895-A877-47FB-B32A-DD1243ADA642}.Release|x64.Build.0 = Release|x64
		{2F7FA895-A877-47FB-B32A-DD1243ADA642}.Release|x86.ActiveCfg = Release|Win32
		{2F7FA895-A877-47FB-B32A-DD1243ADA642}.Release|x86.Build.0 = Release|Win32
	EndGlobalSection
	GlobalSection(SolutionProperties) = preSolution
		HideSolutionNode = FALSE
	EndGlobalSection
	GlobalSection(ExtensibilityGlobals) = postSolution
		SolutionGuid = {0482A264-44E1-4A0E-81E3-D84BBF887398}
	EndGlobalSection
EndGlobal
