
Microsoft Visual Studio Solution File, Format Version 12.00
# Visual Studio Version 17
VisualStudioVersion = 17.14.36616.10
MinimumVisualStudioVersion = 10.0.40219.1
Project("{FAE04EC0-301F-11D3-BF4B-00C04F79EFBC}") = "ASPA_0011_API", "ASPA_0011_API\ASPA_0011_API.csproj", "{061F07FA-33FB-4E9F-94E5-4C1EC8F6168E}"
EndProject
Global
	GlobalSection(SolutionConfigurationPlatforms) = preSolution
		Debug|Any CPU = Debug|Any CPU
		Release|Any CPU = Release|Any CPU
	EndGlobalSection
	GlobalSection(ProjectConfigurationPlatforms) = postSolution
		{061F07FA-33FB-4E9F-94E5-4C1EC8F6168E}.Debug|Any CPU.ActiveCfg = Debug|Any CPU
		{061F07FA-33FB-4E9F-94E5-4C1EC8F6168E}.Debug|Any CPU.Build.0 = Debug|Any CPU
		{061F07FA-33FB-4E9F-94E5-4C1EC8F6168E}.Release|Any CPU.ActiveCfg = Release|Any CPU
		{061F07FA-33FB-4E9F-94E5-4C1EC8F6168E}.Release|Any CPU.Build.0 = Release|Any CPU
	EndGlobalSection
	GlobalSection(SolutionProperties) = preSolution
		HideSolutionNode = FALSE
	EndGlobalSection
	GlobalSection(ExtensibilityGlobals) = postSolution
		SolutionGuid = {24A1ED91-9A1F-4814-8869-FD45650A0036}
	EndGlobalSection
EndGlobal
